
Microsoft Visual Studio Solution File, Format Version 12.00
# Visual Studio Version 17
VisualStudioVersion = 17.1.32210.238
MinimumVisualStudioVersion = 10.0.40219.1
Project("{9A19103F-16F7-4668-BE54-9A1E7A4F7556}") = "Meow.FaceRecon", "Meow.FaceRecon\Meow.FaceRecon.csproj", "{8B87C8C1-BEB2-4619-903A-785860593272}"
EndProject
Project("{2150E333-8FDC-42A3-9474-1A3956D46DE8}") = "Solution Items", "Solution Items", "{2DA489F7-0B83-4677-B334-8386BD4A4DDE}"
	ProjectSection(SolutionItems) = preProject
		README.md = README.md
	EndProjectSection
EndProject
Project("{9A19103F-16F7-4668-BE54-9A1E7A4F7556}") = "Meow.FaceRecon4", "Meow.FaceRecon4\Meow.FaceRecon4.csproj", "{7C14F3E1-85CD-48BB-8B35-E87BC880DC5F}"
EndProject
Project("{9A19103F-16F7-4668-BE54-9A1E7A4F7556}") = "MeowFaceReconTest", "MeowFaceReconTest\MeowFaceReconTest.csproj", "{1D6FE727-38CE-41AC-B79D-B27A8224CAF1}"
EndProject
Project("{9A19103F-16F7-4668-BE54-9A1E7A4F7556}") = "MeowFaceRecon4Test", "MeowFaceRecon4Test\MeowFaceRecon4Test.csproj", "{24F28FF3-7E45-438F-A598-AB06FCA45081}"
EndProject
Global
	GlobalSection(SolutionConfigurationPlatforms) = preSolution
		Debug|Any CPU = Debug|Any CPU
		Debug|ARM64 = Debug|ARM64
		Debug|x64 = Debug|x64
		Release|Any CPU = Release|Any CPU
		Release|ARM64 = Release|ARM64
		Release|x64 = Release|x64
	EndGlobalSection
	GlobalSection(ProjectConfigurationPlatforms) = postSolution
		{8B87C8C1-BEB2-4619-903A-785860593272}.Debug|Any CPU.ActiveCfg = Debug|Any CPU
		{8B87C8C1-BEB2-4619-903A-785860593272}.Debug|Any CPU.Build.0 = Debug|Any CPU
		{8B87C8C1-BEB2-4619-903A-785860593272}.Debug|ARM64.ActiveCfg = Debug|Any CPU
		{8B87C8C1-BEB2-4619-903A-785860593272}.Debug|ARM64.Build.0 = Debug|Any CPU
		{8B87C8C1-BEB2-4619-903A-785860593272}.Debug|x64.ActiveCfg = Debug|Any CPU
		{8B87C8C1-BEB2-4619-903A-785860593272}.Debug|x64.Build.0 = Debug|Any CPU
		{8B87C8C1-BEB2-4619-903A-785860593272}.Release|Any CPU.ActiveCfg = Release|Any CPU
		{8B87C8C1-BEB2-4619-903A-785860593272}.Release|Any CPU.Build.0 = Release|Any CPU
		{8B87C8C1-BEB2-4619-903A-785860593272}.Release|ARM64.ActiveCfg = Release|Any CPU
		{8B87C8C1-BEB2-4619-903A-785860593272}.Release|ARM64.Build.0 = Release|Any CPU
		{8B87C8C1-BEB2-4619-903A-785860593272}.Release|x64.ActiveCfg = Release|Any CPU
		{8B87C8C1-BEB2-4619-903A-785860593272}.Release|x64.Build.0 = Release|Any CPU
		{7C14F3E1-85CD-48BB-8B35-E87BC880DC5F}.Debug|Any CPU.ActiveCfg = Debug|Any CPU
		{7C14F3E1-85CD-48BB-8B35-E87BC880DC5F}.Debug|Any CPU.Build.0 = Debug|Any CPU
		{7C14F3E1-85CD-48BB-8B35-E87BC880DC5F}.Debug|ARM64.ActiveCfg = Debug|Any CPU
		{7C14F3E1-85CD-48BB-8B35-E87BC880DC5F}.Debug|ARM64.Build.0 = Debug|Any CPU
		{7C14F3E1-85CD-48BB-8B35-E87BC880DC5F}.Debug|x64.ActiveCfg = Debug|Any CPU
		{7C14F3E1-85CD-48BB-8B35-E87BC880DC5F}.Debug|x64.Build.0 = Debug|Any CPU
		{7C14F3E1-85CD-48BB-8B35-E87BC880DC5F}.Release|Any CPU.ActiveCfg = Release|Any CPU
		{7C14F3E1-85CD-48BB-8B35-E87BC880DC5F}.Release|Any CPU.Build.0 = Release|Any CPU
		{7C14F3E1-85CD-48BB-8B35-E87BC880DC5F}.Release|ARM64.ActiveCfg = Release|Any CPU
		{7C14F3E1-85CD-48BB-8B35-E87BC880DC5F}.Release|ARM64.Build.0 = Release|Any CPU
		{7C14F3E1-85CD-48BB-8B35-E87BC880DC5F}.Release|x64.ActiveCfg = Release|Any CPU
		{7C14F3E1-85CD-48BB-8B35-E87BC880DC5F}.Release|x64.Build.0 = Release|Any CPU
		{1D6FE727-38CE-41AC-B79D-B27A8224CAF1}.Debug|Any CPU.ActiveCfg = Debug|Any CPU
		{1D6FE727-38CE-41AC-B79D-B27A8224CAF1}.Debug|Any CPU.Build.0 = Debug|Any CPU
		{1D6FE727-38CE-41AC-B79D-B27A8224CAF1}.Debug|ARM64.ActiveCfg = Debug|ARM64
		{1D6FE727-38CE-41AC-B79D-B27A8224CAF1}.Debug|ARM64.Build.0 = Debug|ARM64
		{1D6FE727-38CE-41AC-B79D-B27A8224CAF1}.Debug|x64.ActiveCfg = Debug|x64
		{1D6FE727-38CE-41AC-B79D-B27A8224CAF1}.Debug|x64.Build.0 = Debug|x64
		{1D6FE727-38CE-41AC-B79D-B27A8224CAF1}.Release|Any CPU.ActiveCfg = Release|Any CPU
		{1D6FE727-38CE-41AC-B79D-B27A8224CAF1}.Release|Any CPU.Build.0 = Release|Any CPU
		{1D6FE727-38CE-41AC-B79D-B27A8224CAF1}.Release|ARM64.ActiveCfg = Release|ARM64
		{1D6FE727-38CE-41AC-B79D-B27A8224CAF1}.Release|ARM64.Build.0 = Release|ARM64
		{1D6FE727-38CE-41AC-B79D-B27A8224CAF1}.Release|x64.ActiveCfg = Release|x64
		{1D6FE727-38CE-41AC-B79D-B27A8224CAF1}.Release|x64.Build.0 = Release|x64
		{24F28FF3-7E45-438F-A598-AB06FCA45081}.Debug|Any CPU.ActiveCfg = Debug|Any CPU
		{24F28FF3-7E45-438F-A598-AB06FCA45081}.Debug|Any CPU.Build.0 = Debug|Any CPU
		{24F28FF3-7E45-438F-A598-AB06FCA45081}.Debug|ARM64.ActiveCfg = Debug|Any CPU
		{24F28FF3-7E45-438F-A598-AB06FCA45081}.Debug|ARM64.Build.0 = Debug|Any CPU
		{24F28FF3-7E45-438F-A598-AB06FCA45081}.Debug|x64.ActiveCfg = Debug|Any CPU
		{24F28FF3-7E45-438F-A598-AB06FCA45081}.Debug|x64.Build.0 = Debug|Any CPU
		{24F28FF3-7E45-438F-A598-AB06FCA45081}.Release|Any CPU.ActiveCfg = Release|Any CPU
		{24F28FF3-7E45-438F-A598-AB06FCA45081}.Release|Any CPU.Build.0 = Release|Any CPU
		{24F28FF3-7E45-438F-A598-AB06FCA45081}.Release|ARM64.ActiveCfg = Release|Any CPU
		{24F28FF3-7E45-438F-A598-AB06FCA45081}.Release|ARM64.Build.0 = Release|Any CPU
		{24F28FF3-7E45-438F-A598-AB06FCA45081}.Release|x64.ActiveCfg = Release|Any CPU
		{24F28FF3-7E45-438F-A598-AB06FCA45081}.Release|x64.Build.0 = Release|Any CPU
	EndGlobalSection
	GlobalSection(SolutionProperties) = preSolution
		HideSolutionNode = FALSE
	EndGlobalSection
	GlobalSection(ExtensibilityGlobals) = postSolution
		SolutionGuid = {D67109FB-07D4-4EDE-8A05-AF56D9171C82}
	EndGlobalSection
EndGlobal
