
Microsoft Visual Studio Solution File, Format Version 12.00
# Visual Studio Version 17
VisualStudioVersion = 17.1.32210.238
MinimumVisualStudioVersion = 10.0.40219.1
Project("{9A19103F-16F7-4668-BE54-9A1E7A4F7556}") = "Meow.FaceRecon", "Meow.FaceRecon\Meow.FaceRecon.csproj", "{6574CA46-A227-4BE1-B3E3-C232094DBE58}"
EndProject
Global
	GlobalSection(SolutionConfigurationPlatforms) = preSolution
		Debug|Any CPU = Debug|Any CPU
		Release|Any CPU = Release|Any CPU
	EndGlobalSection
	GlobalSection(ProjectConfigurationPlatforms) = postSolution
		{6574CA46-A227-4BE1-B3E3-C232094DBE58}.Debug|Any CPU.ActiveCfg = Debug|Any CPU
		{6574CA46-A227-4BE1-B3E3-C232094DBE58}.Debug|Any CPU.Build.0 = Debug|Any CPU
		{6574CA46-A227-4BE1-B3E3-C232094DBE58}.Release|Any CPU.ActiveCfg = Release|Any CPU
		{6574CA46-A227-4BE1-B3E3-C232094DBE58}.Release|Any CPU.Build.0 = Release|Any CPU
	EndGlobalSection
	GlobalSection(SolutionProperties) = preSolution
		HideSolutionNode = FALSE
	EndGlobalSection
	GlobalSection(ExtensibilityGlobals) = postSolution
		SolutionGuid = {C67C24FF-3839-416D-9166-B11075833DEC}
	EndGlobalSection
EndGlobal
